# This file is automatically @generated by Cargo.
# It is not intended for manual editing.
version = 4

[[package]]
name = "kesh-api"
version = "0.1.0"

[[package]]
name = "kesh-core"
version = "0.1.0"

[[package]]
name = "kesh-db"
version = "0.1.0"

[[package]]
name = "kesh-i18n"
version = "0.1.0"

[[package]]
name = "kesh-import"
version = "0.1.0"

[[package]]
name = "kesh-payment"
version = "0.1.0"

[[package]]
name = "kesh-qrbill"
version = "0.1.0"

[[package]]
name = "kesh-reconciliation"
version = "0.1.0"

[[package]]
name = "kesh-report"
version = "0.1.0"

[[package]]
name = "kesh-seed"
version = "0.1.0"
